
Microsoft Visual Studio Solution File, Format Version 12.00
# Visual Studio Version 17
VisualStudioVersion = 17.7.34031.279
MinimumVisualStudioVersion = 10.0.40219.1
Project("{FAE04EC0-301F-11D3-BF4B-00C04F79EFBC}") = "BethanysPieShop.InventoryManagement", "BethanysPieShop.InventoryManagement\BethanysPieShop.InventoryManagement.csproj", "{A1844FCE-8152-427D-90CB-C1BDBDC2B50C}"
EndProject
Global
	GlobalSection(SolutionConfigurationPlatforms) = preSolution
		Debug|Any CPU = Debug|Any CPU
		Release|Any CPU = Release|Any CPU
	EndGlobalSection
	GlobalSection(ProjectConfigurationPlatforms) = postSolution
		{A1844FCE-8152-427D-90CB-C1BDBDC2B50C}.Debug|Any CPU.ActiveCfg = Debug|Any CPU
		{A1844FCE-8152-427D-90CB-C1BDBDC2B50C}.Debug|Any CPU.Build.0 = Debug|Any CPU
		{A1844FCE-8152-427D-90CB-C1BDBDC2B50C}.Release|Any CPU.ActiveCfg = Release|Any CPU
		{A1844FCE-8152-427D-90CB-C1BDBDC2B50C}.Release|Any CPU.Build.0 = Release|Any CPU
	EndGlobalSection
	GlobalSection(SolutionProperties) = preSolution
		HideSolutionNode = FALSE
	EndGlobalSection
	GlobalSection(ExtensibilityGlobals) = postSolution
		SolutionGuid = {FD7EFE2F-5631-4D3A-B1AD-9F86CEE65489}
	EndGlobalSection
EndGlobal
